PODS:
  - Alamofire (4.9.1)
  - Kingfisher (5.13.0):
    - Kingfisher/Core (= 5.13.0)
  - Kingfisher/Core (5.13.0)
  - Moya/Core (13.0.1):
    - Alamofire (~> 4.1)
    - Result (~> 4.1)
  - Moya/RxSwift (13.0.1):
    - Moya/Core
    - RxSwift (~> 4.0)
  - ReachabilitySwift (4.3.1)
  - Result (4.1.0)
  - RxBlocking (4.5.0):
    - RxSwift (>= 4.4.2, ~> 4.4)
  - RxCocoa (4.5.0):
    - RxSwift (>= 4.4.2, ~> 4.4)
  - RxReachability (0.1.8):
    - ReachabilitySwift (~> 4.3.0)
    - RxCocoa (~> 4)
    - RxSwift (~> 4)
  - RxSwift (4.5.0)
  - RxSwiftUtilities (2.1.0):
    - RxCocoa (~> 4.0)
    - RxSwift (~> 4.0)
  - RxTest (4.5.0):
    - RxSwift (>= 4.4.2, ~> 4.4)
  - Swinject (2.6.0)
  - SwinjectStoryboard (2.2.0):
    - Swinject (~> 2.6)
  - TTGSnackbar (1.9.2)

DEPENDENCIES:
  - Kingfisher (~> 5.0)
  - Moya/RxSwift (~> 13.0)
  - RxBlocking (~> 4)
  - RxCocoa (~> 4)
  - RxReachability
  - RxSwift (~> 4)
  - RxSwiftUtilities
  - RxTest (~> 4)
  - Swinject (= 2.6.0)
  - SwinjectStoryboard
  - TTGSnackbar

SPEC REPOS:
  trunk:
    - Alamofire
    - Kingfisher
    - Moya
    - ReachabilitySwift
    - Result
    - RxBlocking
    - RxCocoa
    - RxReachability
    - RxSwift
    - RxSwiftUtilities
    - RxTest
    - Swinject
    - SwinjectStoryboard
    - TTGSnackbar

SPEC CHECKSUMS:
  Alamofire: 85e8a02c69d6020a0d734f6054870d7ecb75cf18
  Kingfisher: 0d334cada987fcddbe9b5cec516406e1ee9d4748
  Moya: f4a4b80ff2f8a4ffc208dfb31cd91636622fee6e
  ReachabilitySwift: 4032e2f59586e11e3b0ebe15b167abdd587a388b
  Result: bd966fac789cc6c1563440b348ab2598cc24d5c7
  RxBlocking: 79413e4d916f44bb3e113c5b2cc059e36fe58910
  RxCocoa: cbf70265dc65a981d4ac982e513c10cf23df24a0
  RxReachability: 053f2d913db44998242ade488ccaef558f3ce7cb
  RxSwift: f172070dfd1a93d70a9ab97a5a01166206e1c575
  RxSwiftUtilities: b486df7454cc867c3ea626ce24110511159e7044
  RxTest: 3ccb66bfbace0bf7df1c43a7c75d046f8ce60372
  Swinject: 48a96cda93633cf2860697b4ce76ab5db9ebaca2
  SwinjectStoryboard: 32512ef16c2b0ff5b8f823b23539c4a50f6d3383
  TTGSnackbar: b1da26bd1e791048b08d69e9efb033db0e22d310

PODFILE CHECKSUM: 77deb40853324d544d7726502ebc29153a04b274

COCOAPODS: 1.11.3
